// !$*UTF8*$!
{
	archiveVersion = 1;
	classes = {
	};
	objectVersion = 51;
	objects = {

/* Begin PBXBuildFile section */
		117B88AEA06BCEBF1E552060 /* Pods_Q_CodingTest.framework in Frameworks */ = {isa = PBXBuildFile; fileRef = 96947C99EEA3F215EFDC66B3 /* Pods_Q_CodingTest.framework */; };
		ECCA49C5254EFEC3000407CE /* AppDelegate.swift in Sources */ = {isa = PBXBuildFile; fileRef = ECCA49C4254EFEC3000407CE /* AppDelegate.swift */; };
		ECCA49CE254EFEC6000407CE /* Assets.xcassets in Resources */ = {isa = PBXBuildFile; fileRef = ECCA49CD254EFEC6000407CE /* Assets.xcassets */; };
		ECCA49D1254EFEC6000407CE /* LaunchScreen.storyboard in Resources */ = {isa = PBXBuildFile; fileRef = ECCA49CF254EFEC6000407CE /* LaunchScreen.storyboard */; };
		ECCA49D9254F0009000407CE /* AppDelegate+Setup.swift in Sources */ = {isa = PBXBuildFile; fileRef = ECCA49D8254F0009000407CE /* AppDelegate+Setup.swift */; };
		ECCA49E0254F0042000407CE /* Navigator.swift in Sources */ = {isa = PBXBuildFile; fileRef = ECCA49DF254F0042000407CE /* Navigator.swift */; };
		ECCA49E3254F0054000407CE /* SceneType.swift in Sources */ = {isa = PBXBuildFile; fileRef = ECCA49E2254F0054000407CE /* SceneType.swift */; };
		ECCA49E9254F0104000407CE /* AlphabetListViewController.swift in Sources */ = {isa = PBXBuildFile; fileRef = ECCA49E8254F0104000407CE /* AlphabetListViewController.swift */; };
		ECCA49EB254F010B000407CE /* AlphabetListViewModel.swift in Sources */ = {isa = PBXBuildFile; fileRef = ECCA49EA254F010B000407CE /* AlphabetListViewModel.swift */; };
		ECCA49F0254F023E000407CE /* BaseViewController.swift in Sources */ = {isa = PBXBuildFile; fileRef = ECCA49EF254F023E000407CE /* BaseViewController.swift */; };
		ECCA49F2254F0379000407CE /* AlphabetListViewController+TableViewDecorator.swift in Sources */ = {isa = PBXBuildFile; fileRef = ECCA49F1254F0379000407CE /* AlphabetListViewController+TableViewDecorator.swift */; };
		ECCA49F4254F03B7000407CE /* TableViewDecorator.swift in Sources */ = {isa = PBXBuildFile; fileRef = ECCA49F3254F03B7000407CE /* TableViewDecorator.swift */; };
		ECCA49F6254F03D3000407CE /* CollectionViewDecorator.swift in Sources */ = {isa = PBXBuildFile; fileRef = ECCA49F5254F03D3000407CE /* CollectionViewDecorator.swift */; };
		ECCA49FA254F06A8000407CE /* SelectedAlphabetListTableViewCell.swift in Sources */ = {isa = PBXBuildFile; fileRef = ECCA49F9254F06A8000407CE /* SelectedAlphabetListTableViewCell.swift */; };
		ECCA49FC254F07AF000407CE /* SelectedAlphabetListViewController+CollectionViewDecorator.swift in Sources */ = {isa = PBXBuildFile; fileRef = ECCA49FB254F07AF000407CE /* SelectedAlphabetListViewController+CollectionViewDecorator.swift */; };
		ECCA49FE254F0988000407CE /* AlphabetCollectionViewCell.swift in Sources */ = {isa = PBXBuildFile; fileRef = ECCA49FD254F0988000407CE /* AlphabetCollectionViewCell.swift */; };
		ECCA4A01254F0A33000407CE /* UIView+Extension.swift in Sources */ = {isa = PBXBuildFile; fileRef = ECCA4A00254F0A33000407CE /* UIView+Extension.swift */; };
		ECCA4A05254F0EBF000407CE /* App+UI.swift in Sources */ = {isa = PBXBuildFile; fileRef = ECCA4A04254F0EBF000407CE /* App+UI.swift */; };
		ECCA4A07254F0EC5000407CE /* App.swift in Sources */ = {isa = PBXBuildFile; fileRef = ECCA4A06254F0EC5000407CE /* App.swift */; };
		ECCA4A0F254F1261000407CE /* FooterViewCollectionViewCell.swift in Sources */ = {isa = PBXBuildFile; fileRef = ECCA4A0E254F1261000407CE /* FooterViewCollectionViewCell.swift */; };
		ECCA4A11254F1891000407CE /* AlphabetListTableViewCell.swift in Sources */ = {isa = PBXBuildFile; fileRef = ECCA4A10254F1891000407CE /* AlphabetListTableViewCell.swift */; };
		ECCA4A13254F18AB000407CE /* AlphabetListViewController+CollectionViewDecorator.swift in Sources */ = {isa = PBXBuildFile; fileRef = ECCA4A12254F18AB000407CE /* AlphabetListViewController+CollectionViewDecorator.swift */; };
/* End PBXBuildFile section */

/* Begin PBXFileReference section */
		407A955948A105022C5980C9 /* Pods-Q_CodingTest.debug.xcconfig */ = {isa = PBXFileReference; includeInIndex = 1; lastKnownFileType = text.xcconfig; name = "Pods-Q_CodingTest.debug.xcconfig"; path = "Target Support Files/Pods-Q_CodingTest/Pods-Q_CodingTest.debug.xcconfig"; sourceTree = "<group>"; };
		96947C99EEA3F215EFDC66B3 /* Pods_Q_CodingTest.framework */ = {isa = PBXFileReference; explicitFileType = wrapper.framework; includeInIndex = 0; path = Pods_Q_CodingTest.framework; sourceTree = BUILT_PRODUCTS_DIR; };
		C415E4BBF881F38A3D82E5B5 /* Pods-Q_CodingTest.release.xcconfig */ = {isa = PBXFileReference; includeInIndex = 1; lastKnownFileType = text.xcconfig; name = "Pods-Q_CodingTest.release.xcconfig"; path = "Target Support Files/Pods-Q_CodingTest/Pods-Q_CodingTest.release.xcconfig"; sourceTree = "<group>"; };
		ECCA49C1254EFEC3000407CE /* Q_CodingTest.app */ = {isa = PBXFileReference; explicitFileType = wrapper.application; includeInIndex = 0; path = Q_CodingTest.app; sourceTree = BUILT_PRODUCTS_DIR; };
		ECCA49C4254EFEC3000407CE /* AppDelegate.swift */ = {isa = PBXFileReference; lastKnownFileType = sourcecode.swift; path = AppDelegate.swift; sourceTree = "<group>"; };
		ECCA49CD254EFEC6000407CE /* Assets.xcassets */ = {isa = PBXFileReference; lastKnownFileType = folder.assetcatalog; path = Assets.xcassets; sourceTree = "<group>"; };
		ECCA49D0254EFEC6000407CE /* Base */ = {isa = PBXFileReference; lastKnownFileType = file.storyboard; name = Base; path = Base.lproj/LaunchScreen.storyboard; sourceTree = "<group>"; };
		ECCA49D2254EFEC6000407CE /* Info.plist */ = {isa = PBXFileReference; lastKnownFileType = text.plist.xml; path = Info.plist; sourceTree = "<group>"; };
		ECCA49D8254F0009000407CE /* AppDelegate+Setup.swift */ = {isa = PBXFileReference; lastKnownFileType = sourcecode.swift; path = "AppDelegate+Setup.swift"; sourceTree = "<group>"; };
		ECCA49DF254F0042000407CE /* Navigator.swift */ = {isa = PBXFileReference; lastKnownFileType = sourcecode.swift; path = Navigator.swift; sourceTree = "<group>"; };
		ECCA49E2254F0054000407CE /* SceneType.swift */ = {isa = PBXFileReference; lastKnownFileType = sourcecode.swift; path = SceneType.swift; sourceTree = "<group>"; };
		ECCA49E8254F0104000407CE /* AlphabetListViewController.swift */ = {isa = PBXFileReference; lastKnownFileType = sourcecode.swift; path = AlphabetListViewController.swift; sourceTree = "<group>"; };
		ECCA49EA254F010B000407CE /* AlphabetListViewModel.swift */ = {isa = PBXFileReference; lastKnownFileType = sourcecode.swift; path = AlphabetListViewModel.swift; sourceTree = "<group>"; };
		ECCA49EF254F023E000407CE /* BaseViewController.swift */ = {isa = PBXFileReference; lastKnownFileType = sourcecode.swift; path = BaseViewController.swift; sourceTree = "<group>"; };
		ECCA49F1254F0379000407CE /* AlphabetListViewController+TableViewDecorator.swift */ = {isa = PBXFileReference; lastKnownFileType = sourcecode.swift; path = "AlphabetListViewController+TableViewDecorator.swift"; sourceTree = "<group>"; };
		ECCA49F3254F03B7000407CE /* TableViewDecorator.swift */ = {isa = PBXFileReference; lastKnownFileType = sourcecode.swift; path = TableViewDecorator.swift; sourceTree = "<group>"; };
		ECCA49F5254F03D3000407CE /* CollectionViewDecorator.swift */ = {isa = PBXFileReference; lastKnownFileType = sourcecode.swift; path = CollectionViewDecorator.swift; sourceTree = "<group>"; };
		ECCA49F9254F06A8000407CE /* SelectedAlphabetListTableViewCell.swift */ = {isa = PBXFileReference; lastKnownFileType = sourcecode.swift; path = SelectedAlphabetListTableViewCell.swift; sourceTree = "<group>"; };
		ECCA49FB254F07AF000407CE /* SelectedAlphabetListViewController+CollectionViewDecorator.swift */ = {isa = PBXFileReference; lastKnownFileType = sourcecode.swift; path = "SelectedAlphabetListViewController+CollectionViewDecorator.swift"; sourceTree = "<group>"; };
		ECCA49FD254F0988000407CE /* AlphabetCollectionViewCell.swift */ = {isa = PBXFileReference; lastKnownFileType = sourcecode.swift; path = AlphabetCollectionViewCell.swift; sourceTree = "<group>"; };
		ECCA4A00254F0A33000407CE /* UIView+Extension.swift */ = {isa = PBXFileReference; lastKnownFileType = sourcecode.swift; path = "UIView+Extension.swift"; sourceTree = "<group>"; };
		ECCA4A04254F0EBF000407CE /* App+UI.swift */ = {isa = PBXFileReference; lastKnownFileType = sourcecode.swift; path = "App+UI.swift"; sourceTree = "<group>"; };
		ECCA4A06254F0EC5000407CE /* App.swift */ = {isa = PBXFileReference; lastKnownFileType = sourcecode.swift; path = App.swift; sourceTree = "<group>"; };
		ECCA4A0E254F1261000407CE /* FooterViewCollectionViewCell.swift */ = {isa = PBXFileReference; lastKnownFileType = sourcecode.swift; path = FooterViewCollectionViewCell.swift; sourceTree = "<group>"; };
		ECCA4A10254F1891000407CE /* AlphabetListTableViewCell.swift */ = {isa = PBXFileReference; lastKnownFileType = sourcecode.swift; path = AlphabetListTableViewCell.swift; sourceTree = "<group>"; };
		ECCA4A12254F18AB000407CE /* AlphabetListViewController+CollectionViewDecorator.swift */ = {isa = PBXFileReference; lastKnownFileType = sourcecode.swift; path = "AlphabetListViewController+CollectionViewDecorator.swift"; sourceTree = "<group>"; };
/* End PBXFileReference section */

/* Begin PBXFrameworksBuildPhase section */
		ECCA49BE254EFEC3000407CE /* Frameworks */ = {
			isa = PBXFrameworksBuildPhase;
			buildActionMask = 2147483647;
			files = (
				117B88AEA06BCEBF1E552060 /* Pods_Q_CodingTest.framework in Frameworks */,
			);
			runOnlyForDeploymentPostprocessing = 0;
		};
/* End PBXFrameworksBuildPhase section */

/* Begin PBXGroup section */
		07211E6ADC5E1FE6C1524BB8 /* Pods */ = {
			isa = PBXGroup;
			children = (
				407A955948A105022C5980C9 /* Pods-Q_CodingTest.debug.xcconfig */,
				C415E4BBF881F38A3D82E5B5 /* Pods-Q_CodingTest.release.xcconfig */,
			);
			path = Pods;
			sourceTree = "<group>";
		};
		C43D96EAC61D65E8105E12C8 /* Frameworks */ = {
			isa = PBXGroup;
			children = (
				96947C99EEA3F215EFDC66B3 /* Pods_Q_CodingTest.framework */,
			);
			name = Frameworks;
			sourceTree = "<group>";
		};
		ECCA49B8254EFEC3000407CE = {
			isa = PBXGroup;
			children = (
				ECCA49C3254EFEC3000407CE /* Q_CodingTest */,
				ECCA49C2254EFEC3000407CE /* Products */,
				07211E6ADC5E1FE6C1524BB8 /* Pods */,
				C43D96EAC61D65E8105E12C8 /* Frameworks */,
			);
			sourceTree = "<group>";
		};
		ECCA49C2254EFEC3000407CE /* Products */ = {
			isa = PBXGroup;
			children = (
				ECCA49C1254EFEC3000407CE /* Q_CodingTest.app */,
			);
			name = Products;
			sourceTree = "<group>";
		};
		ECCA49C3254EFEC3000407CE /* Q_CodingTest */ = {
			isa = PBXGroup;
			children = (
				ECCA49C4254EFEC3000407CE /* AppDelegate.swift */,
				ECCA49D8254F0009000407CE /* AppDelegate+Setup.swift */,
				ECCA49DA254F0017000407CE /* Core */,
				ECCA49E4254F00DE000407CE /* Modules */,
				ECCA4A08254F0F04000407CE /* Utilities */,
				ECCA49ED254F0222000407CE /* Common */,
				ECCA49EC254F0112000407CE /* Resources */,
				ECCA49D2254EFEC6000407CE /* Info.plist */,
			);
			path = Q_CodingTest;
			sourceTree = "<group>";
		};
		ECCA49DA254F0017000407CE /* Core */ = {
			isa = PBXGroup;
			children = (
				ECCA49DB254F0021000407CE /* Application */,
				ECCA49DE254F0038000407CE /* Navigator */,
			);
			path = Core;
			sourceTree = "<group>";
		};
		ECCA49DB254F0021000407CE /* Application */ = {
			isa = PBXGroup;
			children = (
				ECCA4A06254F0EC5000407CE /* App.swift */,
				ECCA4A04254F0EBF000407CE /* App+UI.swift */,
			);
			path = Application;
			sourceTree = "<group>";
		};
		ECCA49DE254F0038000407CE /* Navigator */ = {
			isa = PBXGroup;
			children = (
				ECCA49DF254F0042000407CE /* Navigator.swift */,
				ECCA49E2254F0054000407CE /* SceneType.swift */,
			);
			path = Navigator;
			sourceTree = "<group>";
		};
		ECCA49E4254F00DE000407CE /* Modules */ = {
			isa = PBXGroup;
			children = (
				ECCA49E7254F00F4000407CE /* Scene */,
			);
			path = Modules;
			sourceTree = "<group>";
		};
		ECCA49E7254F00F4000407CE /* Scene */ = {
			isa = PBXGroup;
			children = (
				ECCA49F8254F066C000407CE /* Cells */,
				ECCA49E8254F0104000407CE /* AlphabetListViewController.swift */,
				ECCA49EA254F010B000407CE /* AlphabetListViewModel.swift */,
				ECCA49F1254F0379000407CE /* AlphabetListViewController+TableViewDecorator.swift */,
			);
			path = Scene;
			sourceTree = "<group>";
		};
		ECCA49EC254F0112000407CE /* Resources */ = {
			isa = PBXGroup;
			children = (
				ECCA49CD254EFEC6000407CE /* Assets.xcassets */,
				ECCA49CF254EFEC6000407CE /* LaunchScreen.storyboard */,
			);
			path = Resources;
			sourceTree = "<group>";
		};
		ECCA49ED254F0222000407CE /* Common */ = {
			isa = PBXGroup;
			children = (
				ECCA49EE254F022B000407CE /* Base */,
				ECCA49FF254F0A1F000407CE /* Extension */,
			);
			path = Common;
			sourceTree = "<group>";
		};
		ECCA49EE254F022B000407CE /* Base */ = {
			isa = PBXGroup;
			children = (
				ECCA49EF254F023E000407CE /* BaseViewController.swift */,
				ECCA49F3254F03B7000407CE /* TableViewDecorator.swift */,
				ECCA49F5254F03D3000407CE /* CollectionViewDecorator.swift */,
			);
			path = Base;
			sourceTree = "<group>";
		};
		ECCA49F8254F066C000407CE /* Cells */ = {
			isa = PBXGroup;
			children = (
				ECCA49F9254F06A8000407CE /* SelectedAlphabetListTableViewCell.swift */,
				ECCA49FB254F07AF000407CE /* SelectedAlphabetListViewController+CollectionViewDecorator.swift */,
				ECCA49FD254F0988000407CE /* AlphabetCollectionViewCell.swift */,
				ECCA4A0E254F1261000407CE /* FooterViewCollectionViewCell.swift */,
				ECCA4A10254F1891000407CE /* AlphabetListTableViewCell.swift */,
				ECCA4A12254F18AB000407CE /* AlphabetListViewController+CollectionViewDecorator.swift */,
			);
			path = Cells;
			sourceTree = "<group>";
		};
		ECCA49FF254F0A1F000407CE /* Extension */ = {
			isa = PBXGroup;
			children = (
				ECCA4A00254F0A33000407CE /* UIView+Extension.swift */,
			);
			path = Extension;
			sourceTree = "<group>";
		};
		ECCA4A08254F0F04000407CE /* Utilities */ = {
			isa = PBXGroup;
			children = (
			);
			path = Utilities;
			sourceTree = "<group>";
		};
/* End PBXGroup section */

/* Begin PBXNativeTarget section */
		ECCA49C0254EFEC3000407CE /* Q_CodingTest */ = {
			isa = PBXNativeTarget;
			buildConfigurationList = ECCA49D5254EFEC6000407CE /* Build configuration list for PBXNativeTarget "Q_CodingTest" */;
			buildPhases = (
				79E7BD25B9A3A0C5BFBAF502 /* [CP] Check Pods Manifest.lock */,
				ECCA49BD254EFEC3000407CE /* Sources */,
				ECCA49BE254EFEC3000407CE /* Frameworks */,
				ECCA49BF254EFEC3000407CE /* Resources */,
				0D77B8EB3900AEFDAAC79C0F /* [CP] Embed Pods Frameworks */,
			);
			buildRules = (
			);
			dependencies = (
			);
			name = Q_CodingTest;
			productName = Q_CodingTest;
			productReference = ECCA49C1254EFEC3000407CE /* Q_CodingTest.app */;
			productType = "com.apple.product-type.application";
		};
/* End PBXNativeTarget section */

/* Begin PBXProject section */
		ECCA49B9254EFEC3000407CE /* Project object */ = {
			isa = PBXProject;
			attributes = {
				LastSwiftUpdateCheck = 1160;
				LastUpgradeCheck = 1160;
				ORGANIZATIONNAME = jinnify;
				TargetAttributes = {
					ECCA49C0254EFEC3000407CE = {
						CreatedOnToolsVersion = 11.6;
					};
				};
			};
			buildConfigurationList = ECCA49BC254EFEC3000407CE /* Build configuration list for PBXProject "Q_CodingTest" */;
			compatibilityVersion = "Xcode 9.3";
			developmentRegion = en;
			hasScannedForEncodings = 0;
			knownRegions = (
				en,
				Base,
			);
			mainGroup = ECCA49B8254EFEC3000407CE;
			productRefGroup = ECCA49C2254EFEC3000407CE /* Products */;
			projectDirPath = "";
			projectRoot = "";
			targets = (
				ECCA49C0254EFEC3000407CE /* Q_CodingTest */,
			);
		};
/* End PBXProject section */

/* Begin PBXResourcesBuildPhase section */
		ECCA49BF254EFEC3000407CE /* Resources */ = {
			isa = PBXResourcesBuildPhase;
			buildActionMask = 2147483647;
			files = (
				ECCA49D1254EFEC6000407CE /* LaunchScreen.storyboard in Resources */,
				ECCA49CE254EFEC6000407CE /* Assets.xcassets in Resources */,
			);
			runOnlyForDeploymentPostprocessing = 0;
		};
/* End PBXResourcesBuildPhase section */

/* Begin PBXShellScriptBuildPhase section */
		0D77B8EB3900AEFDAAC79C0F /* [CP] Embed Pods Frameworks */ = {
			isa = PBXShellScriptBuildPhase;
			buildActionMask = 2147483647;
			files = (
			);
			inputFileListPaths = (
				"${PODS_ROOT}/Target Support Files/Pods-Q_CodingTest/Pods-Q_CodingTest-frameworks-${CONFIGURATION}-input-files.xcfilelist",
			);
			name = "[CP] Embed Pods Frameworks";
			outputFileListPaths = (
				"${PODS_ROOT}/Target Support Files/Pods-Q_CodingTest/Pods-Q_CodingTest-frameworks-${CONFIGURATION}-output-files.xcfilelist",
			);
			runOnlyForDeploymentPostprocessing = 0;
			shellPath = /bin/sh;
			shellScript = "\"${PODS_ROOT}/Target Support Files/Pods-Q_CodingTest/Pods-Q_CodingTest-frameworks.sh\"\n";
			showEnvVarsInLog = 0;
		};
		79E7BD25B9A3A0C5BFBAF502 /* [CP] Check Pods Manifest.lock */ = {
			isa = PBXShellScriptBuildPhase;
			buildActionMask = 2147483647;
			files = (
			);
			inputFileListPaths = (
			);
			inputPaths = (
				"${PODS_PODFILE_DIR_PATH}/Podfile.lock",
				"${PODS_ROOT}/Manifest.lock",
			);
			name = "[CP] Check Pods Manifest.lock";
			outputFileListPaths = (
			);
			outputPaths = (
				"$(DERIVED_FILE_DIR)/Pods-Q_CodingTest-checkManifestLockResult.txt",
			);
			runOnlyForDeploymentPostprocessing = 0;
			shellPath = /bin/sh;
			shellScript = "diff \"${PODS_PODFILE_DIR_PATH}/Podfile.lock\" \"${PODS_ROOT}/Manifest.lock\" > /dev/null\nif [ $? != 0 ] ; then\n    # print error to STDERR\n    echo \"error: The sandbox is not in sync with the Podfile.lock. Run 'pod install' or update your CocoaPods installation.\" >&2\n    exit 1\nfi\n# This output is used by Xcode 'outputs' to avoid re-running this script phase.\necho \"SUCCESS\" > \"${SCRIPT_OUTPUT_FILE_0}\"\n";
			showEnvVarsInLog = 0;
		};
/* End PBXShellScriptBuildPhase section */

/* Begin PBXSourcesBuildPhase section */
		ECCA49BD254EFEC3000407CE /* Sources */ = {
			isa = PBXSourcesBuildPhase;
			buildActionMask = 2147483647;
			files = (
				ECCA4A11254F1891000407CE /* AlphabetListTableViewCell.swift in Sources */,
				ECCA49E3254F0054000407CE /* SceneType.swift in Sources */,
				ECCA4A05254F0EBF000407CE /* App+UI.swift in Sources */,
				ECCA4A0F254F1261000407CE /* FooterViewCollectionViewCell.swift in Sources */,
				ECCA49FE254F0988000407CE /* AlphabetCollectionViewCell.swift in Sources */,
				ECCA4A01254F0A33000407CE /* UIView+Extension.swift in Sources */,
				ECCA4A13254F18AB000407CE /* AlphabetListViewController+CollectionViewDecorator.swift in Sources */,
				ECCA49EB254F010B000407CE /* AlphabetListViewModel.swift in Sources */,
				ECCA49E9254F0104000407CE /* AlphabetListViewController.swift in Sources */,
				ECCA4A07254F0EC5000407CE /* App.swift in Sources */,
				ECCA49E0254F0042000407CE /* Navigator.swift in Sources */,
				ECCA49F0254F023E000407CE /* BaseViewController.swift in Sources */,
				ECCA49FC254F07AF000407CE /* SelectedAlphabetListViewController+CollectionViewDecorator.swift in Sources */,
				ECCA49C5254EFEC3000407CE /* AppDelegate.swift in Sources */,
				ECCA49F4254F03B7000407CE /* TableViewDecorator.swift in Sources */,
				ECCA49D9254F0009000407CE /* AppDelegate+Setup.swift in Sources */,
				ECCA49F2254F0379000407CE /* AlphabetListViewController+TableViewDecorator.swift in Sources */,
				ECCA49F6254F03D3000407CE /* CollectionViewDecorator.swift in Sources */,
				ECCA49FA254F06A8000407CE /* SelectedAlphabetListTableViewCell.swift in Sources */,
			);
			runOnlyForDeploymentPostprocessing = 0;
		};
/* End PBXSourcesBuildPhase section */

/* Begin PBXVariantGroup section */
		ECCA49CF254EFEC6000407CE /* LaunchScreen.storyboard */ = {
			isa = PBXVariantGroup;
			children = (
				ECCA49D0254EFEC6000407CE /* Base */,
			);
			name = LaunchScreen.storyboard;
			sourceTree = "<group>";
		};
/* End PBXVariantGroup section */

/* Begin XCBuildConfiguration section */
		ECCA49D3254EFEC6000407CE /* Debug */ = {
			isa = XCBuildConfiguration;
			buildSettings = {
				ALWAYS_SEARCH_USER_PATHS = NO;
				CLANG_ANALYZER_NONNULL = YES;
				CLANG_ANALYZER_NUMBER_OBJECT_CONVERSION = YES_AGGRESSIVE;
				CLANG_CXX_LANGUAGE_STANDARD = "gnu++14";
				CLANG_CXX_LIBRARY = "libc++";
				CLANG_ENABLE_MODULES = YES;
				CLANG_ENABLE_OBJC_ARC = YES;
				CLANG_ENABLE_OBJC_WEAK = YES;
				CLANG_WARN_BLOCK_CAPTURE_AUTORELEASING = YES;
				CLANG_WARN_BOOL_CONVERSION = YES;
				CLANG_WARN_COMMA = YES;
				CLANG_WARN_CONSTANT_CONVERSION = YES;
				CLANG_WARN_DEPRECATED_OBJC_IMPLEMENTATIONS = YES;
				CLANG_WARN_DIRECT_OBJC_ISA_USAGE = YES_ERROR;
				CLANG_WARN_DOCUMENTATION_COMMENTS = YES;
				CLANG_WARN_EMPTY_BODY = YES;
				CLANG_WARN_ENUM_CONVERSION = YES;
				CLANG_WARN_INFINITE_RECURSION = YES;
				CLANG_WARN_INT_CONVERSION = YES;
				CLANG_WARN_NON_LITERAL_NULL_CONVERSION = YES;
				CLANG_WARN_OBJC_IMPLICIT_RETAIN_SELF = YES;
				CLANG_WARN_OBJC_LITERAL_CONVERSION = YES;
				CLANG_WARN_OBJC_ROOT_CLASS = YES_ERROR;
				CLANG_WARN_RANGE_LOOP_ANALYSIS = YES;
				CLANG_WARN_STRICT_PROTOTYPES = YES;
				CLANG_WARN_SUSPICIOUS_MOVE = YES;
				CLANG_WARN_UNGUARDED_AVAILABILITY = YES_AGGRESSIVE;
				CLANG_WARN_UNREACHABLE_CODE = YES;
				CLANG_WARN__DUPLICATE_METHOD_MATCH = YES;
				COPY_PHASE_STRIP = NO;
				DEBUG_INFORMATION_FORMAT = dwarf;
				ENABLE_STRICT_OBJC_MSGSEND = YES;
				ENABLE_TESTABILITY = YES;
				GCC_C_LANGUAGE_STANDARD = gnu11;
				GCC_DYNAMIC_NO_PIC = NO;
				GCC_NO_COMMON_BLOCKS = YES;
				GCC_OPTIMIZATION_LEVEL = 0;
				GCC_PREPROCESSOR_DEFINITIONS = (
					"DEBUG=1",
					"$(inherited)",
				);
				GCC_WARN_64_TO_32_BIT_CONVERSION = YES;
				GCC_WARN_ABOUT_RETURN_TYPE = YES_ERROR;
				GCC_WARN_UNDECLARED_SELECTOR = YES;
				GCC_WARN_UNINITIALIZED_AUTOS = YES_AGGRESSIVE;
				GCC_WARN_UNUSED_FUNCTION = YES;
				GCC_WARN_UNUSED_VARIABLE = YES;
				IPHONEOS_DEPLOYMENT_TARGET = 13.6;
				MTL_ENABLE_DEBUG_INFO = INCLUDE_SOURCE;
				MTL_FAST_MATH = YES;
				ONLY_ACTIVE_ARCH = YES;
				SDKROOT = iphoneos;
				SWIFT_ACTIVE_COMPILATION_CONDITIONS = DEBUG;
				SWIFT_OPTIMIZATION_LEVEL = "-Onone";
			};
			name = Debug;
		};
		ECCA49D4254EFEC6000407CE /* Release */ = {
			isa = XCBuildConfiguration;
			buildSettings = {
				ALWAYS_SEARCH_USER_PATHS = NO;
				CLANG_ANALYZER_NONNULL = YES;
				CLANG_ANALYZER_NUMBER_OBJECT_CONVERSION = YES_AGGRESSIVE;
				CLANG_CXX_LANGUAGE_STANDARD = "gnu++14";
				CLANG_CXX_LIBRARY = "libc++";
				CLANG_ENABLE_MODULES = YES;
				CLANG_ENABLE_OBJC_ARC = YES;
				CLANG_ENABLE_OBJC_WEAK = YES;
				CLANG_WARN_BLOCK_CAPTURE_AUTORELEASING = YES;
				CLANG_WARN_BOOL_CONVERSION = YES;
				CLANG_WARN_COMMA = YES;
				CLANG_WARN_CONSTANT_CONVERSION = YES;
				CLANG_WARN_DEPRECATED_OBJC_IMPLEMENTATIONS = YES;
				CLANG_WARN_DIRECT_OBJC_ISA_USAGE = YES_ERROR;
				CLANG_WARN_DOCUMENTATION_COMMENTS = YES;
				CLANG_WARN_EMPTY_BODY = YES;
				CLANG_WARN_ENUM_CONVERSION = YES;
				CLANG_WARN_INFINITE_RECURSION = YES;
				CLANG_WARN_INT_CONVERSION = YES;
				CLANG_WARN_NON_LITERAL_NULL_CONVERSION = YES;
				CLANG_WARN_OBJC_IMPLICIT_RETAIN_SELF = YES;
				CLANG_WARN_OBJC_LITERAL_CONVERSION = YES;
				CLANG_WARN_OBJC_ROOT_CLASS = YES_ERROR;
				CLANG_WARN_RANGE_LOOP_ANALYSIS = YES;
				CLANG_WARN_STRICT_PROTOTYPES = YES;
				CLANG_WARN_SUSPICIOUS_MOVE = YES;
				CLANG_WARN_UNGUARDED_AVAILABILITY = YES_AGGRESSIVE;
				CLANG_WARN_UNREACHABLE_CODE = YES;
				CLANG_WARN__DUPLICATE_METHOD_MATCH = YES;
				COPY_PHASE_STRIP = NO;
				DEBUG_INFORMATION_FORMAT = "dwarf-with-dsym";
				ENABLE_NS_ASSERTIONS = NO;
				ENABLE_STRICT_OBJC_MSGSEND = YES;
				GCC_C_LANGUAGE_STANDARD = gnu11;
				GCC_NO_COMMON_BLOCKS = YES;
				GCC_WARN_64_TO_32_BIT_CONVERSION = YES;
				GCC_WARN_ABOUT_RETURN_TYPE = YES_ERROR;
				GCC_WARN_UNDECLARED_SELECTOR = YES;
				GCC_WARN_UNINITIALIZED_AUTOS = YES_AGGRESSIVE;
				GCC_WARN_UNUSED_FUNCTION = YES;
				GCC_WARN_UNUSED_VARIABLE = YES;
				IPHONEOS_DEPLOYMENT_TARGET = 13.6;
				MTL_ENABLE_DEBUG_INFO = NO;
				MTL_FAST_MATH = YES;
				SDKROOT = iphoneos;
				SWIFT_COMPILATION_MODE = wholemodule;
				SWIFT_OPTIMIZATION_LEVEL = "-O";
				VALIDATE_PRODUCT = YES;
			};
			name = Release;
		};
		ECCA49D6254EFEC6000407CE /* Debug */ = {
			isa = XCBuildConfiguration;
			baseConfigurationReference = 407A955948A105022C5980C9 /* Pods-Q_CodingTest.debug.xcconfig */;
			buildSettings = {
				ASSETCATALOG_COMPILER_APPICON_NAME = AppIcon;
				CODE_SIGN_STYLE = Automatic;
				DEVELOPMENT_TEAM = CNMQE42DQF;
				INFOPLIST_FILE = Q_CodingTest/Info.plist;
				IPHONEOS_DEPLOYMENT_TARGET = 12.0;
				LD_RUNPATH_SEARCH_PATHS = (
					"$(inherited)",
					"@executable_path/Frameworks",
				);
				PRODUCT_BUNDLE_IDENTIFIER = "com.jinnify.Q-CodingTest";
				PRODUCT_NAME = "$(TARGET_NAME)";
				SWIFT_VERSION = 5.0;
				TARGETED_DEVICE_FAMILY = "1,2";
			};
			name = Debug;
		};
		ECCA49D7254EFEC6000407CE /* Release */ = {
			isa = XCBuildConfiguration;
			baseConfigurationReference = C415E4BBF881F38A3D82E5B5 /* Pods-Q_CodingTest.release.xcconfig */;
			buildSettings = {
				ASSETCATALOG_COMPILER_APPICON_NAME = AppIcon;
				CODE_SIGN_STYLE = Automatic;
				DEVELOPMENT_TEAM = CNMQE42DQF;
				INFOPLIST_FILE = Q_CodingTest/Info.plist;
				IPHONEOS_DEPLOYMENT_TARGET = 12.0;
				LD_RUNPATH_SEARCH_PATHS = (
					"$(inherited)",
					"@executable_path/Frameworks",
				);
				PRODUCT_BUNDLE_IDENTIFIER = "com.jinnify.Q-CodingTest";
				PRODUCT_NAME = "$(TARGET_NAME)";
				SWIFT_VERSION = 5.0;
				TARGETED_DEVICE_FAMILY = "1,2";
			};
			name = Release;
		};
/* End XCBuildConfiguration section */

/* Begin XCConfigurationList section */
		ECCA49BC254EFEC3000407CE /* Build configuration list for PBXProject "Q_CodingTest" */ = {
			isa = XCConfigurationList;
			buildConfigurations = (
				ECCA49D3254EFEC6000407CE /* Debug */,
				ECCA49D4254EFEC6000407CE /* Release */,
			);
			defaultConfigurationIsVisible = 0;
			defaultConfigurationName = Release;
		};
		ECCA49D5254EFEC6000407CE /* Build configuration list for PBXNativeTarget "Q_CodingTest" */ = {
			isa = XCConfigurationList;
			buildConfigurations = (
				ECCA49D6254EFEC6000407CE /* Debug */,
				ECCA49D7254EFEC6000407CE /* Release */,
			);
			defaultConfigurationIsVisible = 0;
			defaultConfigurationName = Release;
		};
/* End XCConfigurationList section */
	};
	rootObject = ECCA49B9254EFEC3000407CE /* Project object */;
}
