// !$*UTF8*$!
{
	archiveVersion = 1;
	classes = {
	};
	objectVersion = 50;
	objects = {

/* Begin PBXBuildFile section */
		6B8D898A25BE64990026C80F /* AppDelegate.swift in Sources */ = {isa = PBXBuildFile; fileRef = 6B8D898925BE64990026C80F /* AppDelegate.swift */; };
		6B8D898C25BE64990026C80F /* SceneDelegate.swift in Sources */ = {isa = PBXBuildFile; fileRef = 6B8D898B25BE64990026C80F /* SceneDelegate.swift */; };
		6B8D898E25BE64990026C80F /* ViewController.swift in Sources */ = {isa = PBXBuildFile; fileRef = 6B8D898D25BE64990026C80F /* ViewController.swift */; };
		6B8D899125BE64990026C80F /* Main.storyboard in Resources */ = {isa = PBXBuildFile; fileRef = 6B8D898F25BE64990026C80F /* Main.storyboard */; };
		6B8D899425BE64990026C80F /* ActionTest.xcdatamodeld in Sources */ = {isa = PBXBuildFile; fileRef = 6B8D899225BE64990026C80F /* ActionTest.xcdatamodeld */; };
		6B8D899625BE64A20026C80F /* Assets.xcassets in Resources */ = {isa = PBXBuildFile; fileRef = 6B8D899525BE64A20026C80F /* Assets.xcassets */; };
		6B8D899925BE64A20026C80F /* LaunchScreen.storyboard in Resources */ = {isa = PBXBuildFile; fileRef = 6B8D899725BE64A20026C80F /* LaunchScreen.storyboard */; };
		6B8D89A425BE64A20026C80F /* ActionTestTests.swift in Sources */ = {isa = PBXBuildFile; fileRef = 6B8D89A325BE64A20026C80F /* ActionTestTests.swift */; };
		6B8D89AF25BE64A20026C80F /* ActionTestUITests.swift in Sources */ = {isa = PBXBuildFile; fileRef = 6B8D89AE25BE64A20026C80F /* ActionTestUITests.swift */; };
/* End PBXBuildFile section */

/* Begin PBXContainerItemProxy section */
		6B8D89A025BE64A20026C80F /* PBXContainerItemProxy */ = {
			isa = PBXContainerItemProxy;
			containerPortal = 6B8D897E25BE64990026C80F /* Project object */;
			proxyType = 1;
			remoteGlobalIDString = 6B8D898525BE64990026C80F;
			remoteInfo = ActionTest;
		};
		6B8D89AB25BE64A20026C80F /* PBXContainerItemProxy */ = {
			isa = PBXContainerItemProxy;
			containerPortal = 6B8D897E25BE64990026C80F /* Project object */;
			proxyType = 1;
			remoteGlobalIDString = 6B8D898525BE64990026C80F;
			remoteInfo = ActionTest;
		};
/* End PBXContainerItemProxy section */

/* Begin PBXFileReference section */
		6B8D898625BE64990026C80F /* ActionTest.app */ = {isa = PBXFileReference; explicitFileType = wrapper.application; includeInIndex = 0; path = ActionTest.app; sourceTree = BUILT_PRODUCTS_DIR; };
		6B8D898925BE64990026C80F /* AppDelegate.swift */ = {isa = PBXFileReference; lastKnownFileType = sourcecode.swift; path = AppDelegate.swift; sourceTree = "<group>"; };
		6B8D898B25BE64990026C80F /* SceneDelegate.swift */ = {isa = PBXFileReference; lastKnownFileType = sourcecode.swift; path = SceneDelegate.swift; sourceTree = "<group>"; };
		6B8D898D25BE64990026C80F /* ViewController.swift */ = {isa = PBXFileReference; lastKnownFileType = sourcecode.swift; path = ViewController.swift; sourceTree = "<group>"; };
		6B8D899025BE64990026C80F /* Base */ = {isa = PBXFileReference; lastKnownFileType = file.storyboard; name = Base; path = Base.lproj/Main.storyboard; sourceTree = "<group>"; };
		6B8D899325BE64990026C80F /* ActionTest.xcdatamodel */ = {isa = PBXFileReference; lastKnownFileType = wrapper.xcdatamodel; path = ActionTest.xcdatamodel; sourceTree = "<group>"; };
		6B8D899525BE64A20026C80F /* Assets.xcassets */ = {isa = PBXFileReference; lastKnownFileType = folder.assetcatalog; path = Assets.xcassets; sourceTree = "<group>"; };
		6B8D899825BE64A20026C80F /* Base */ = {isa = PBXFileReference; lastKnownFileType = file.storyboard; name = Base; path = Base.lproj/LaunchScreen.storyboard; sourceTree = "<group>"; };
		6B8D899A25BE64A20026C80F /* Info.plist */ = {isa = PBXFileReference; lastKnownFileType = text.plist.xml; path = Info.plist; sourceTree = "<group>"; };
		6B8D899F25BE64A20026C80F /* ActionTestTests.xctest */ = {isa = PBXFileReference; explicitFileType = wrapper.cfbundle; includeInIndex = 0; path = ActionTestTests.xctest; sourceTree = BUILT_PRODUCTS_DIR; };
		6B8D89A325BE64A20026C80F /* ActionTestTests.swift */ = {isa = PBXFileReference; lastKnownFileType = sourcecode.swift; path = ActionTestTests.swift; sourceTree = "<group>"; };
		6B8D89A525BE64A20026C80F /* Info.plist */ = {isa = PBXFileReference; lastKnownFileType = text.plist.xml; path = Info.plist; sourceTree = "<group>"; };
		6B8D89AA25BE64A20026C80F /* ActionTestUITests.xctest */ = {isa = PBXFileReference; explicitFileType = wrapper.cfbundle; includeInIndex = 0; path = ActionTestUITests.xctest; sourceTree = BUILT_PRODUCTS_DIR; };
		6B8D89AE25BE64A20026C80F /* ActionTestUITests.swift */ = {isa = PBXFileReference; lastKnownFileType = sourcecode.swift; path = ActionTestUITests.swift; sourceTree = "<group>"; };
		6B8D89B025BE64A20026C80F /* Info.plist */ = {isa = PBXFileReference; lastKnownFileType = text.plist.xml; path = Info.plist; sourceTree = "<group>"; };
/* End PBXFileReference section */

/* Begin PBXFrameworksBuildPhase section */
		6B8D898325BE64990026C80F /* Frameworks */ = {
			isa = PBXFrameworksBuildPhase;
			buildActionMask = 2147483647;
			files = (
			);
			runOnlyForDeploymentPostprocessing = 0;
		};
		6B8D899C25BE64A20026C80F /* Frameworks */ = {
			isa = PBXFrameworksBuildPhase;
			buildActionMask = 2147483647;
			files = (
			);
			runOnlyForDeploymentPostprocessing = 0;
		};
		6B8D89A725BE64A20026C80F /* Frameworks */ = {
			isa = PBXFrameworksBuildPhase;
			buildActionMask = 2147483647;
			files = (
			);
			runOnlyForDeploymentPostprocessing = 0;
		};
/* End PBXFrameworksBuildPhase section */

/* Begin PBXGroup section */
		6B8D897D25BE64990026C80F = {
			isa = PBXGroup;
			children = (
				6B8D898825BE64990026C80F /* ActionTest */,
				6B8D89A225BE64A20026C80F /* ActionTestTests */,
				6B8D89AD25BE64A20026C80F /* ActionTestUITests */,
				6B8D898725BE64990026C80F /* Products */,
				6B8D89C225BE662D0026C80F /* Frameworks */,
			);
			sourceTree = "<group>";
		};
		6B8D898725BE64990026C80F /* Products */ = {
			isa = PBXGroup;
			children = (
				6B8D898625BE64990026C80F /* ActionTest.app */,
				6B8D899F25BE64A20026C80F /* ActionTestTests.xctest */,
				6B8D89AA25BE64A20026C80F /* ActionTestUITests.xctest */,
			);
			name = Products;
			sourceTree = "<group>";
		};
		6B8D898825BE64990026C80F /* ActionTest */ = {
			isa = PBXGroup;
			children = (
				6B8D898925BE64990026C80F /* AppDelegate.swift */,
				6B8D898B25BE64990026C80F /* SceneDelegate.swift */,
				6B8D898D25BE64990026C80F /* ViewController.swift */,
				6B8D898F25BE64990026C80F /* Main.storyboard */,
				6B8D899525BE64A20026C80F /* Assets.xcassets */,
				6B8D899725BE64A20026C80F /* LaunchScreen.storyboard */,
				6B8D899A25BE64A20026C80F /* Info.plist */,
				6B8D899225BE64990026C80F /* ActionTest.xcdatamodeld */,
			);
			path = ActionTest;
			sourceTree = "<group>";
		};
		6B8D89A225BE64A20026C80F /* ActionTestTests */ = {
			isa = PBXGroup;
			children = (
				6B8D89A325BE64A20026C80F /* ActionTestTests.swift */,
				6B8D89A525BE64A20026C80F /* Info.plist */,
			);
			path = ActionTestTests;
			sourceTree = "<group>";
		};
		6B8D89AD25BE64A20026C80F /* ActionTestUITests */ = {
			isa = PBXGroup;
			children = (
				6B8D89AE25BE64A20026C80F /* ActionTestUITests.swift */,
				6B8D89B025BE64A20026C80F /* Info.plist */,
			);
			path = ActionTestUITests;
			sourceTree = "<group>";
		};
		6B8D89C225BE662D0026C80F /* Frameworks */ = {
			isa = PBXGroup;
			children = (
			);
			name = Frameworks;
			sourceTree = "<group>";
		};
/* End PBXGroup section */

/* Begin PBXNativeTarget section */
		6B8D898525BE64990026C80F /* ActionTest */ = {
			isa = PBXNativeTarget;
			buildConfigurationList = 6B8D89B325BE64A20026C80F /* Build configuration list for PBXNativeTarget "ActionTest" */;
			buildPhases = (
				6B8D898225BE64990026C80F /* Sources */,
				6B8D898325BE64990026C80F /* Frameworks */,
				6B8D898425BE64990026C80F /* Resources */,
			);
			buildRules = (
			);
			dependencies = (
			);
			name = ActionTest;
			productName = ActionTest;
			productReference = 6B8D898625BE64990026C80F /* ActionTest.app */;
			productType = "com.apple.product-type.application";
		};
		6B8D899E25BE64A20026C80F /* ActionTestTests */ = {
			isa = PBXNativeTarget;
			buildConfigurationList = 6B8D89B625BE64A20026C80F /* Build configuration list for PBXNativeTarget "ActionTestTests" */;
			buildPhases = (
				6B8D899B25BE64A20026C80F /* Sources */,
				6B8D899C25BE64A20026C80F /* Frameworks */,
				6B8D899D25BE64A20026C80F /* Resources */,
			);
			buildRules = (
			);
			dependencies = (
				6B8D89A125BE64A20026C80F /* PBXTargetDependency */,
			);
			name = ActionTestTests;
			productName = ActionTestTests;
			productReference = 6B8D899F25BE64A20026C80F /* ActionTestTests.xctest */;
			productType = "com.apple.product-type.bundle.unit-test";
		};
		6B8D89A925BE64A20026C80F /* ActionTestUITests */ = {
			isa = PBXNativeTarget;
			buildConfigurationList = 6B8D89B925BE64A20026C80F /* Build configuration list for PBXNativeTarget "ActionTestUITests" */;
			buildPhases = (
				6B8D89A625BE64A20026C80F /* Sources */,
				6B8D89A725BE64A20026C80F /* Frameworks */,
				6B8D89A825BE64A20026C80F /* Resources */,
			);
			buildRules = (
			);
			dependencies = (
				6B8D89AC25BE64A20026C80F /* PBXTargetDependency */,
			);
			name = ActionTestUITests;
			productName = ActionTestUITests;
			productReference = 6B8D89AA25BE64A20026C80F /* ActionTestUITests.xctest */;
			productType = "com.apple.product-type.bundle.ui-testing";
		};
/* End PBXNativeTarget section */

/* Begin PBXProject section */
		6B8D897E25BE64990026C80F /* Project object */ = {
			isa = PBXProject;
			attributes = {
				LastSwiftUpdateCheck = 1220;
				LastUpgradeCheck = 1220;
				TargetAttributes = {
					6B8D898525BE64990026C80F = {
						CreatedOnToolsVersion = 12.2;
					};
					6B8D899E25BE64A20026C80F = {
						CreatedOnToolsVersion = 12.2;
						TestTargetID = 6B8D898525BE64990026C80F;
					};
					6B8D89A925BE64A20026C80F = {
						CreatedOnToolsVersion = 12.2;
						TestTargetID = 6B8D898525BE64990026C80F;
					};
				};
			};
			buildConfigurationList = 6B8D898125BE64990026C80F /* Build configuration list for PBXProject "ActionTest" */;
			compatibilityVersion = "Xcode 9.3";
			developmentRegion = en;
			hasScannedForEncodings = 0;
			knownRegions = (
				en,
				Base,
			);
			mainGroup = 6B8D897D25BE64990026C80F;
			productRefGroup = 6B8D898725BE64990026C80F /* Products */;
			projectDirPath = "";
			projectRoot = "";
			targets = (
				6B8D898525BE64990026C80F /* ActionTest */,
				6B8D899E25BE64A20026C80F /* ActionTestTests */,
				6B8D89A925BE64A20026C80F /* ActionTestUITests */,
			);
		};
/* End PBXProject section */

/* Begin PBXResourcesBuildPhase section */
		6B8D898425BE64990026C80F /* Resources */ = {
			isa = PBXResourcesBuildPhase;
			buildActionMask = 2147483647;
			files = (
				6B8D899925BE64A20026C80F /* LaunchScreen.storyboard in Resources */,
				6B8D899625BE64A20026C80F /* Assets.xcassets in Resources */,
				6B8D899125BE64990026C80F /* Main.storyboard in Resources */,
			);
			runOnlyForDeploymentPostprocessing = 0;
		};
		6B8D899D25BE64A20026C80F /* Resources */ = {
			isa = PBXResourcesBuildPhase;
			buildActionMask = 2147483647;
			files = (
			);
			runOnlyForDeploymentPostprocessing = 0;
		};
		6B8D89A825BE64A20026C80F /* Resources */ = {
			isa = PBXResourcesBuildPhase;
			buildActionMask = 2147483647;
			files = (
			);
			runOnlyForDeploymentPostprocessing = 0;
		};
/* End PBXResourcesBuildPhase section */

/* Begin PBXSourcesBuildPhase section */
		6B8D898225BE64990026C80F /* Sources */ = {
			isa = PBXSourcesBuildPhase;
			buildActionMask = 2147483647;
			files = (
				6B8D898E25BE64990026C80F /* ViewController.swift in Sources */,
				6B8D899425BE64990026C80F /* ActionTest.xcdatamodeld in Sources */,
				6B8D898A25BE64990026C80F /* AppDelegate.swift in Sources */,
				6B8D898C25BE64990026C80F /* SceneDelegate.swift in Sources */,
			);
			runOnlyForDeploymentPostprocessing = 0;
		};
		6B8D899B25BE64A20026C80F /* Sources */ = {
			isa = PBXSourcesBuildPhase;
			buildActionMask = 2147483647;
			files = (
				6B8D89A425BE64A20026C80F /* ActionTestTests.swift in Sources */,
			);
			runOnlyForDeploymentPostprocessing = 0;
		};
		6B8D89A625BE64A20026C80F /* Sources */ = {
			isa = PBXSourcesBuildPhase;
			buildActionMask = 2147483647;
			files = (
				6B8D89AF25BE64A20026C80F /* ActionTestUITests.swift in Sources */,
			);
			runOnlyForDeploymentPostprocessing = 0;
		};
/* End PBXSourcesBuildPhase section */

/* Begin PBXTargetDependency section */
		6B8D89A125BE64A20026C80F /* PBXTargetDependency */ = {
			isa = PBXTargetDependency;
			target = 6B8D898525BE64990026C80F /* ActionTest */;
			targetProxy = 6B8D89A025BE64A20026C80F /* PBXContainerItemProxy */;
		};
		6B8D89AC25BE64A20026C80F /* PBXTargetDependency */ = {
			isa = PBXTargetDependency;
			target = 6B8D898525BE64990026C80F /* ActionTest */;
			targetProxy = 6B8D89AB25BE64A20026C80F /* PBXContainerItemProxy */;
		};
/* End PBXTargetDependency section */

/* Begin PBXVariantGroup section */
		6B8D898F25BE64990026C80F /* Main.storyboard */ = {
			isa = PBXVariantGroup;
			children = (
				6B8D899025BE64990026C80F /* Base */,
			);
			name = Main.storyboard;
			sourceTree = "<group>";
		};
		6B8D899725BE64A20026C80F /* LaunchScreen.storyboard */ = {
			isa = PBXVariantGroup;
			children = (
				6B8D899825BE64A20026C80F /* Base */,
			);
			name = LaunchScreen.storyboard;
			sourceTree = "<group>";
		};
/* End PBXVariantGroup section */

/* Begin XCBuildConfiguration section */
		6B8D89B125BE64A20026C80F /* Debug */ = {
			isa = XCBuildConfiguration;
			buildSettings = {
				ALWAYS_SEARCH_USER_PATHS = NO;
				CLANG_ANALYZER_NONNULL = YES;
				CLANG_ANALYZER_NUMBER_OBJECT_CONVERSION = YES_AGGRESSIVE;
				CLANG_CXX_LANGUAGE_STANDARD = "gnu++14";
				CLANG_CXX_LIBRARY = "libc++";
				CLANG_ENABLE_MODULES = YES;
				CLANG_ENABLE_OBJC_ARC = YES;
				CLANG_ENABLE_OBJC_WEAK = YES;
				CLANG_WARN_BLOCK_CAPTURE_AUTORELEASING = YES;
				CLANG_WARN_BOOL_CONVERSION = YES;
				CLANG_WARN_COMMA = YES;
				CLANG_WARN_CONSTANT_CONVERSION = YES;
				CLANG_WARN_DEPRECATED_OBJC_IMPLEMENTATIONS = YES;
				CLANG_WARN_DIRECT_OBJC_ISA_USAGE = YES_ERROR;
				CLANG_WARN_DOCUMENTATION_COMMENTS = YES;
				CLANG_WARN_EMPTY_BODY = YES;
				CLANG_WARN_ENUM_CONVERSION = YES;
				CLANG_WARN_INFINITE_RECURSION = YES;
				CLANG_WARN_INT_CONVERSION = YES;
				CLANG_WARN_NON_LITERAL_NULL_CONVERSION = YES;
				CLANG_WARN_OBJC_IMPLICIT_RETAIN_SELF = YES;
				CLANG_WARN_OBJC_LITERAL_CONVERSION = YES;
				CLANG_WARN_OBJC_ROOT_CLASS = YES_ERROR;
				CLANG_WARN_QUOTED_INCLUDE_IN_FRAMEWORK_HEADER = YES;
				CLANG_WARN_RANGE_LOOP_ANALYSIS = YES;
				CLANG_WARN_STRICT_PROTOTYPES = YES;
				CLANG_WARN_SUSPICIOUS_MOVE = YES;
				CLANG_WARN_UNGUARDED_AVAILABILITY = YES_AGGRESSIVE;
				CLANG_WARN_UNREACHABLE_CODE = YES;
				CLANG_WARN__DUPLICATE_METHOD_MATCH = YES;
				COPY_PHASE_STRIP = NO;
				DEBUG_INFORMATION_FORMAT = dwarf;
				ENABLE_STRICT_OBJC_MSGSEND = YES;
				ENABLE_TESTABILITY = YES;
				GCC_C_LANGUAGE_STANDARD = gnu11;
				GCC_DYNAMIC_NO_PIC = NO;
				GCC_NO_COMMON_BLOCKS = YES;
				GCC_OPTIMIZATION_LEVEL = 0;
				GCC_PREPROCESSOR_DEFINITIONS = (
					"DEBUG=1",
					"$(inherited)",
				);
				GCC_WARN_64_TO_32_BIT_CONVERSION = YES;
				GCC_WARN_ABOUT_RETURN_TYPE = YES_ERROR;
				GCC_WARN_UNDECLARED_SELECTOR = YES;
				GCC_WARN_UNINITIALIZED_AUTOS = YES_AGGRESSIVE;
				GCC_WARN_UNUSED_FUNCTION = YES;
				GCC_WARN_UNUSED_VARIABLE = YES;
				IPHONEOS_DEPLOYMENT_TARGET = 14.2;
				MTL_ENABLE_DEBUG_INFO = INCLUDE_SOURCE;
				MTL_FAST_MATH = YES;
				ONLY_ACTIVE_ARCH = YES;
				SDKROOT = iphoneos;
				SWIFT_ACTIVE_COMPILATION_CONDITIONS = DEBUG;
				SWIFT_OPTIMIZATION_LEVEL = "-Onone";
			};
			name = Debug;
		};
		6B8D89B225BE64A20026C80F /* Release */ = {
			isa = XCBuildConfiguration;
			buildSettings = {
				ALWAYS_SEARCH_USER_PATHS = NO;
				CLANG_ANALYZER_NONNULL = YES;
				CLANG_ANALYZER_NUMBER_OBJECT_CONVERSION = YES_AGGRESSIVE;
				CLANG_CXX_LANGUAGE_STANDARD = "gnu++14";
				CLANG_CXX_LIBRARY = "libc++";
				CLANG_ENABLE_MODULES = YES;
				CLANG_ENABLE_OBJC_ARC = YES;
				CLANG_ENABLE_OBJC_WEAK = YES;
				CLANG_WARN_BLOCK_CAPTURE_AUTORELEASING = YES;
				CLANG_WARN_BOOL_CONVERSION = YES;
				CLANG_WARN_COMMA = YES;
				CLANG_WARN_CONSTANT_CONVERSION = YES;
				CLANG_WARN_DEPRECATED_OBJC_IMPLEMENTATIONS = YES;
				CLANG_WARN_DIRECT_OBJC_ISA_USAGE = YES_ERROR;
				CLANG_WARN_DOCUMENTATION_COMMENTS = YES;
				CLANG_WARN_EMPTY_BODY = YES;
				CLANG_WARN_ENUM_CONVERSION = YES;
				CLANG_WARN_INFINITE_RECURSION = YES;
				CLANG_WARN_INT_CONVERSION = YES;
				CLANG_WARN_NON_LITERAL_NULL_CONVERSION = YES;
				CLANG_WARN_OBJC_IMPLICIT_RETAIN_SELF = YES;
				CLANG_WARN_OBJC_LITERAL_CONVERSION = YES;
				CLANG_WARN_OBJC_ROOT_CLASS = YES_ERROR;
				CLANG_WARN_QUOTED_INCLUDE_IN_FRAMEWORK_HEADER = YES;
				CLANG_WARN_RANGE_LOOP_ANALYSIS = YES;
				CLANG_WARN_STRICT_PROTOTYPES = YES;
				CLANG_WARN_SUSPICIOUS_MOVE = YES;
				CLANG_WARN_UNGUARDED_AVAILABILITY = YES_AGGRESSIVE;
				CLANG_WARN_UNREACHABLE_CODE = YES;
				CLANG_WARN__DUPLICATE_METHOD_MATCH = YES;
				COPY_PHASE_STRIP = NO;
				DEBUG_INFORMATION_FORMAT = "dwarf-with-dsym";
				ENABLE_NS_ASSERTIONS = NO;
				ENABLE_STRICT_OBJC_MSGSEND = YES;
				GCC_C_LANGUAGE_STANDARD = gnu11;
				GCC_NO_COMMON_BLOCKS = YES;
				GCC_WARN_64_TO_32_BIT_CONVERSION = YES;
				GCC_WARN_ABOUT_RETURN_TYPE = YES_ERROR;
				GCC_WARN_UNDECLARED_SELECTOR = YES;
				GCC_WARN_UNINITIALIZED_AUTOS = YES_AGGRESSIVE;
				GCC_WARN_UNUSED_FUNCTION = YES;
				GCC_WARN_UNUSED_VARIABLE = YES;
				IPHONEOS_DEPLOYMENT_TARGET = 14.2;
				MTL_ENABLE_DEBUG_INFO = NO;
				MTL_FAST_MATH = YES;
				SDKROOT = iphoneos;
				SWIFT_COMPILATION_MODE = wholemodule;
				SWIFT_OPTIMIZATION_LEVEL = "-O";
				VALIDATE_PRODUCT = YES;
			};
			name = Release;
		};
		6B8D89B425BE64A20026C80F /* Debug */ = {
			isa = XCBuildConfiguration;
			buildSettings = {
				ASSETCATALOG_COMPILER_APPICON_NAME = AppIcon;
				ASSETCATALOG_COMPILER_GLOBAL_ACCENT_COLOR_NAME = AccentColor;
				CODE_SIGN_STYLE = Automatic;
				DEVELOPMENT_TEAM = TVZHM592F4;
				INFOPLIST_FILE = ActionTest/Info.plist;
				LD_RUNPATH_SEARCH_PATHS = (
					"$(inherited)",
					"@executable_path/Frameworks",
				);
				PRODUCT_BUNDLE_IDENTIFIER = io.lific.ActionTest;
				PRODUCT_NAME = "$(TARGET_NAME)";
				SWIFT_VERSION = 5.0;
				TARGETED_DEVICE_FAMILY = "1,2";
			};
			name = Debug;
		};
		6B8D89B525BE64A20026C80F /* Release */ = {
			isa = XCBuildConfiguration;
			buildSettings = {
				ASSETCATALOG_COMPILER_APPICON_NAME = AppIcon;
				ASSETCATALOG_COMPILER_GLOBAL_ACCENT_COLOR_NAME = AccentColor;
				CODE_SIGN_STYLE = Automatic;
				DEVELOPMENT_TEAM = TVZHM592F4;
				INFOPLIST_FILE = ActionTest/Info.plist;
				LD_RUNPATH_SEARCH_PATHS = (
					"$(inherited)",
					"@executable_path/Frameworks",
				);
				PRODUCT_BUNDLE_IDENTIFIER = io.lific.ActionTest;
				PRODUCT_NAME = "$(TARGET_NAME)";
				SWIFT_VERSION = 5.0;
				TARGETED_DEVICE_FAMILY = "1,2";
			};
			name = Release;
		};
		6B8D89B725BE64A20026C80F /* Debug */ = {
			isa = XCBuildConfiguration;
			buildSettings = {
				ALWAYS_EMBED_SWIFT_STANDARD_LIBRARIES = YES;
				BUNDLE_LOADER = "$(TEST_HOST)";
				CODE_SIGN_STYLE = Automatic;
				DEVELOPMENT_TEAM = TVZHM592F4;
				INFOPLIST_FILE = ActionTestTests/Info.plist;
				IPHONEOS_DEPLOYMENT_TARGET = 14.2;
				LD_RUNPATH_SEARCH_PATHS = (
					"$(inherited)",
					"@executable_path/Frameworks",
					"@loader_path/Frameworks",
				);
				PRODUCT_BUNDLE_IDENTIFIER = io.lific.ActionTestTests;
				PRODUCT_NAME = "$(TARGET_NAME)";
				SWIFT_VERSION = 5.0;
				TARGETED_DEVICE_FAMILY = "1,2";
				TEST_HOST = "$(BUILT_PRODUCTS_DIR)/ActionTest.app/ActionTest";
			};
			name = Debug;
		};
		6B8D89B825BE64A20026C80F /* Release */ = {
			isa = XCBuildConfiguration;
			buildSettings = {
				ALWAYS_EMBED_SWIFT_STANDARD_LIBRARIES = YES;
				BUNDLE_LOADER = "$(TEST_HOST)";
				CODE_SIGN_STYLE = Automatic;
				DEVELOPMENT_TEAM = TVZHM592F4;
				INFOPLIST_FILE = ActionTestTests/Info.plist;
				IPHONEOS_DEPLOYMENT_TARGET = 14.2;
				LD_RUNPATH_SEARCH_PATHS = (
					"$(inherited)",
					"@executable_path/Frameworks",
					"@loader_path/Frameworks",
				);
				PRODUCT_BUNDLE_IDENTIFIER = io.lific.ActionTestTests;
				PRODUCT_NAME = "$(TARGET_NAME)";
				SWIFT_VERSION = 5.0;
				TARGETED_DEVICE_FAMILY = "1,2";
				TEST_HOST = "$(BUILT_PRODUCTS_DIR)/ActionTest.app/ActionTest";
			};
			name = Release;
		};
		6B8D89BA25BE64A20026C80F /* Debug */ = {
			isa = XCBuildConfiguration;
			buildSettings = {
				ALWAYS_EMBED_SWIFT_STANDARD_LIBRARIES = YES;
				CODE_SIGN_STYLE = Automatic;
				DEVELOPMENT_TEAM = TVZHM592F4;
				INFOPLIST_FILE = ActionTestUITests/Info.plist;
				LD_RUNPATH_SEARCH_PATHS = (
					"$(inherited)",
					"@executable_path/Frameworks",
					"@loader_path/Frameworks",
				);
				PRODUCT_BUNDLE_IDENTIFIER = io.lific.ActionTestUITests;
				PRODUCT_NAME = "$(TARGET_NAME)";
				SWIFT_VERSION = 5.0;
				TARGETED_DEVICE_FAMILY = "1,2";
				TEST_TARGET_NAME = ActionTest;
			};
			name = Debug;
		};
		6B8D89BB25BE64A20026C80F /* Release */ = {
			isa = XCBuildConfiguration;
			buildSettings = {
				ALWAYS_EMBED_SWIFT_STANDARD_LIBRARIES = YES;
				CODE_SIGN_STYLE = Automatic;
				DEVELOPMENT_TEAM = TVZHM592F4;
				INFOPLIST_FILE = ActionTestUITests/Info.plist;
				LD_RUNPATH_SEARCH_PATHS = (
					"$(inherited)",
					"@executable_path/Frameworks",
					"@loader_path/Frameworks",
				);
				PRODUCT_BUNDLE_IDENTIFIER = io.lific.ActionTestUITests;
				PRODUCT_NAME = "$(TARGET_NAME)";
				SWIFT_VERSION = 5.0;
				TARGETED_DEVICE_FAMILY = "1,2";
				TEST_TARGET_NAME = ActionTest;
			};
			name = Release;
		};
/* End XCBuildConfiguration section */

/* Begin XCConfigurationList section */
		6B8D898125BE64990026C80F /* Build configuration list for PBXProject "ActionTest" */ = {
			isa = XCConfigurationList;
			buildConfigurations = (
				6B8D89B125BE64A20026C80F /* Debug */,
				6B8D89B225BE64A20026C80F /* Release */,
			);
			defaultConfigurationIsVisible = 0;
			defaultConfigurationName = Release;
		};
		6B8D89B325BE64A20026C80F /* Build configuration list for PBXNativeTarget "ActionTest" */ = {
			isa = XCConfigurationList;
			buildConfigurations = (
				6B8D89B425BE64A20026C80F /* Debug */,
				6B8D89B525BE64A20026C80F /* Release */,
			);
			defaultConfigurationIsVisible = 0;
			defaultConfigurationName = Release;
		};
		6B8D89B625BE64A20026C80F /* Build configuration list for PBXNativeTarget "ActionTestTests" */ = {
			isa = XCConfigurationList;
			buildConfigurations = (
				6B8D89B725BE64A20026C80F /* Debug */,
				6B8D89B825BE64A20026C80F /* Release */,
			);
			defaultConfigurationIsVisible = 0;
			defaultConfigurationName = Release;
		};
		6B8D89B925BE64A20026C80F /* Build configuration list for PBXNativeTarget "ActionTestUITests" */ = {
			isa = XCConfigurationList;
			buildConfigurations = (
				6B8D89BA25BE64A20026C80F /* Debug */,
				6B8D89BB25BE64A20026C80F /* Release */,
			);
			defaultConfigurationIsVisible = 0;
			defaultConfigurationName = Release;
		};
/* End XCConfigurationList section */

/* Begin XCVersionGroup section */
		6B8D899225BE64990026C80F /* ActionTest.xcdatamodeld */ = {
			isa = XCVersionGroup;
			children = (
				6B8D899325BE64990026C80F /* ActionTest.xcdatamodel */,
			);
			currentVersion = 6B8D899325BE64990026C80F /* ActionTest.xcdatamodel */;
			path = ActionTest.xcdatamodeld;
			sourceTree = "<group>";
			versionGroupType = wrapper.xcdatamodel;
		};
/* End XCVersionGroup section */
	};
	rootObject = 6B8D897E25BE64990026C80F /* Project object */;
}
